
Microsoft Visual Studio Solution File, Format Version 12.00
# Visual Studio 15
VisualStudioVersion = 15.0.28307.421
MinimumVisualStudioVersion = 10.0.40219.1
Project("{9A19103F-16F7-4668-BE54-9A1E7A4F7556}") = "NCode.Common.Models", "NCode.Common.Models\NCode.Common.Models.csproj", "{3C49A7E0-012B-4685-878F-3A3C5E99A5E4}"
EndProject
Project("{9A19103F-16F7-4668-BE54-9A1E7A4F7556}") = "NCode.Common.Responses", "NCode.Common.Responses\NCode.Common.Responses.csproj", "{939CB586-5043-4061-AF50-32955B2922BB}"
EndProject
Project("{9A19103F-16F7-4668-BE54-9A1E7A4F7556}") = "NCode.Common.AspNetCore", "NCode.Common.AspNetCore\NCode.Common.AspNetCore.csproj", "{613171CE-2975-4C47-A91B-5C337C66ABDC}"
EndProject
Project("{2150E333-8FDC-42A3-9474-1A3956D46DE8}") = "Solution Items", "Solution Items", "{D37ED40C-0C0E-40CD-9863-B23DACE3F8D9}"
	ProjectSection(SolutionItems) = preProject
		.editorconfig = .editorconfig
		.gitattributes = .gitattributes
		.gitignore = .gitignore
		COPYRIGHT.txt = COPYRIGHT.txt
		Directory.Build.props = Directory.Build.props
		LICENSE.txt = LICENSE.txt
		README.md = README.md
	EndProjectSection
EndProject
Global
	GlobalSection(SolutionConfigurationPlatforms) = preSolution
		Debug|Any CPU = Debug|Any CPU
		Release|Any CPU = Release|Any CPU
	EndGlobalSection
	GlobalSection(ProjectConfigurationPlatforms) = postSolution
		{3C49A7E0-012B-4685-878F-3A3C5E99A5E4}.Debug|Any CPU.ActiveCfg = Debug|Any CPU
		{3C49A7E0-012B-4685-878F-3A3C5E99A5E4}.Debug|Any CPU.Build.0 = Debug|Any CPU
		{3C49A7E0-012B-4685-878F-3A3C5E99A5E4}.Release|Any CPU.ActiveCfg = Release|Any CPU
		{3C49A7E0-012B-4685-878F-3A3C5E99A5E4}.Release|Any CPU.Build.0 = Release|Any CPU
		{939CB586-5043-4061-AF50-32955B2922BB}.Debug|Any CPU.ActiveCfg = Debug|Any CPU
		{939CB586-5043-4061-AF50-32955B2922BB}.Debug|Any CPU.Build.0 = Debug|Any CPU
		{939CB586-5043-4061-AF50-32955B2922BB}.Release|Any CPU.ActiveCfg = Release|Any CPU
		{939CB586-5043-4061-AF50-32955B2922BB}.Release|Any CPU.Build.0 = Release|Any CPU
		{613171CE-2975-4C47-A91B-5C337C66ABDC}.Debug|Any CPU.ActiveCfg = Debug|Any CPU
		{613171CE-2975-4C47-A91B-5C337C66ABDC}.Debug|Any CPU.Build.0 = Debug|Any CPU
		{613171CE-2975-4C47-A91B-5C337C66ABDC}.Release|Any CPU.ActiveCfg = Release|Any CPU
		{613171CE-2975-4C47-A91B-5C337C66ABDC}.Release|Any CPU.Build.0 = Release|Any CPU
	EndGlobalSection
	GlobalSection(SolutionProperties) = preSolution
		HideSolutionNode = FALSE
	EndGlobalSection
	GlobalSection(ExtensibilityGlobals) = postSolution
		SolutionGuid = {D1B66BF5-0259-4B71-A146-242BDE3BE270}
	EndGlobalSection
EndGlobal
